
Microsoft Visual Studio Solution File, Format Version 12.00
# Visual Studio 15
VisualStudioVersion = 15.0.28307.136
MinimumVisualStudioVersion = 10.0.40219.1
Project("{9A19103F-16F7-4668-BE54-9A1E7A4F7556}") = "guru3-carddav", "src\guru3-carddav\guru3-carddav.csproj", "{0E39E7FC-5BAF-4711-9FF4-5277F1B344A0}"
EndProject
Project("{2150E333-8FDC-42A3-9474-1A3956D46DE8}") = "nwebdav", "nwebdav", "{7F2E3905-6663-4AA3-8327-73DE947F6945}"
EndProject
Project("{9A19103F-16F7-4668-BE54-9A1E7A4F7556}") = "NWebDav.Server", "lib\nwebdav\NWebDav.Server\NWebDav.Server.csproj", "{EB441C84-E28B-44D4-BD11-E2595DCBE323}"
EndProject
Project("{9A19103F-16F7-4668-BE54-9A1E7A4F7556}") = "NWebDav.Server.AspNetCore", "lib\nwebdav\NWebDav.Server.AspNetCore\NWebDav.Server.AspNetCore.csproj", "{6B07D7B7-B10E-4AE0-B678-1D306AE83C5E}"
EndProject
Global
	GlobalSection(SolutionConfigurationPlatforms) = preSolution
		Debug|Any CPU = Debug|Any CPU
		Release|Any CPU = Release|Any CPU
	EndGlobalSection
	GlobalSection(ProjectConfigurationPlatforms) = postSolution
		{0E39E7FC-5BAF-4711-9FF4-5277F1B344A0}.Debug|Any CPU.ActiveCfg = Debug|Any CPU
		{0E39E7FC-5BAF-4711-9FF4-5277F1B344A0}.Debug|Any CPU.Build.0 = Debug|Any CPU
		{0E39E7FC-5BAF-4711-9FF4-5277F1B344A0}.Release|Any CPU.ActiveCfg = Release|Any CPU
		{0E39E7FC-5BAF-4711-9FF4-5277F1B344A0}.Release|Any CPU.Build.0 = Release|Any CPU
		{EB441C84-E28B-44D4-BD11-E2595DCBE323}.Debug|Any CPU.ActiveCfg = Debug|Any CPU
		{EB441C84-E28B-44D4-BD11-E2595DCBE323}.Debug|Any CPU.Build.0 = Debug|Any CPU
		{EB441C84-E28B-44D4-BD11-E2595DCBE323}.Release|Any CPU.ActiveCfg = Release|Any CPU
		{EB441C84-E28B-44D4-BD11-E2595DCBE323}.Release|Any CPU.Build.0 = Release|Any CPU
		{6B07D7B7-B10E-4AE0-B678-1D306AE83C5E}.Debug|Any CPU.ActiveCfg = Debug|Any CPU
		{6B07D7B7-B10E-4AE0-B678-1D306AE83C5E}.Debug|Any CPU.Build.0 = Debug|Any CPU
		{6B07D7B7-B10E-4AE0-B678-1D306AE83C5E}.Release|Any CPU.ActiveCfg = Release|Any CPU
		{6B07D7B7-B10E-4AE0-B678-1D306AE83C5E}.Release|Any CPU.Build.0 = Release|Any CPU
	EndGlobalSection
	GlobalSection(SolutionProperties) = preSolution
		HideSolutionNode = FALSE
	EndGlobalSection
	GlobalSection(NestedProjects) = preSolution
		{EB441C84-E28B-44D4-BD11-E2595DCBE323} = {7F2E3905-6663-4AA3-8327-73DE947F6945}
		{6B07D7B7-B10E-4AE0-B678-1D306AE83C5E} = {7F2E3905-6663-4AA3-8327-73DE947F6945}
	EndGlobalSection
	GlobalSection(ExtensibilityGlobals) = postSolution
		SolutionGuid = {DBA28EA0-5EC8-45BB-8D18-E1984E378F12}
	EndGlobalSection
EndGlobal
